
Microsoft Visual Studio Solution File, Format Version 12.00
# Visual Studio Version 17
VisualStudioVersion = 17.3.32825.248
MinimumVisualStudioVersion = 10.0.40219.1
Project("{FAE04EC0-301F-11D3-BF4B-00C04F79EFBC}") = "Wordle", "Wordle\Wordle.csproj", "{93C07A3E-F416-476F-A6AD-F5BD3F0612D4}"
EndProject
Global
	GlobalSection(SolutionConfigurationPlatforms) = preSolution
		Debug|Any CPU = Debug|Any CPU
		Release|Any CPU = Release|Any CPU
	EndGlobalSection
	GlobalSection(ProjectConfigurationPlatforms) = postSolution
		{93C07A3E-F416-476F-A6AD-F5BD3F0612D4}.Debug|Any CPU.ActiveCfg = Debug|Any CPU
		{93C07A3E-F416-476F-A6AD-F5BD3F0612D4}.Debug|Any CPU.Build.0 = Debug|Any CPU
		{93C07A3E-F416-476F-A6AD-F5BD3F0612D4}.Release|Any CPU.ActiveCfg = Release|Any CPU
		{93C07A3E-F416-476F-A6AD-F5BD3F0612D4}.Release|Any CPU.Build.0 = Release|Any CPU
	EndGlobalSection
	GlobalSection(SolutionProperties) = preSolution
		HideSolutionNode = FALSE
	EndGlobalSection
	GlobalSection(ExtensibilityGlobals) = postSolution
		SolutionGuid = {C2CCF43E-6468-493F-85B8-57BE37C0582D}
	EndGlobalSection
EndGlobal
